PODS:
  - ACPAnalytics (2.0.2):
    - ACPAnalytics/iOS (= 2.0.2)
    - ACPCore (~> 2.0)
  - ACPAnalytics/iOS (2.0.2):
    - ACPCore (~> 2.0)
  - ACPCore (2.0.3):
    - ACPCore/iOS (= 2.0.3)
  - ACPCore/iOS (2.0.3)

DEPENDENCIES:
  - ACPAnalytics
  - ACPCore

SPEC REPOS:
  https://github.com/cocoapods/specs.git:
    - ACPAnalytics
    - ACPCore

SPEC CHECKSUMS:
  ACPAnalytics: 484376f18a2ff96a7fcfad3a5448af68f40cc44b
  ACPCore: eecf55c984897f51e28f2ed1210663c32fff2a02

PODFILE CHECKSUM: 6f85c8ab551d689454f535689c47d8da4475f1dd

COCOAPODS: 1.6.1
